
Microsoft Visual Studio Solution File, Format Version 12.00
# Visual Studio Version 17
VisualStudioVersion = 17.2.32516.85
MinimumVisualStudioVersion = 10.0.40219.1
Project("{FAE04EC0-301F-11D3-BF4B-00C04F79EFBC}") = "FrmAtencion", "FrmAtencion\FrmAtencion.csproj", "{BEF7BB57-976C-4E14-8BB0-281CA724A385}"
EndProject
Global
	GlobalSection(SolutionConfigurationPlatforms) = preSolution
		Debug|Any CPU = Debug|Any CPU
		Release|Any CPU = Release|Any CPU
	EndGlobalSection
	GlobalSection(ProjectConfigurationPlatforms) = postSolution
		{BEF7BB57-976C-4E14-8BB0-281CA724A385}.Debug|Any CPU.ActiveCfg = Debug|Any CPU
		{BEF7BB57-976C-4E14-8BB0-281CA724A385}.Debug|Any CPU.Build.0 = Debug|Any CPU
		{BEF7BB57-976C-4E14-8BB0-281CA724A385}.Release|Any CPU.ActiveCfg = Release|Any CPU
		{BEF7BB57-976C-4E14-8BB0-281CA724A385}.Release|Any CPU.Build.0 = Release|Any CPU
	EndGlobalSection
	GlobalSection(SolutionProperties) = preSolution
		HideSolutionNode = FALSE
	EndGlobalSection
	GlobalSection(ExtensibilityGlobals) = postSolution
		SolutionGuid = {7BCF0D4F-7855-4FED-84CB-4401A3B55866}
	EndGlobalSection
EndGlobal
